
Microsoft Visual Studio Solution File, Format Version 12.00
# Visual Studio Version 17
VisualStudioVersion = 17.6.33723.286
MinimumVisualStudioVersion = 10.0.40219.1
Project("{FAE04EC0-301F-11D3-BF4B-00C04F79EFBC}") = "ServerManager", "ServerManager\ServerManager.csproj", "{DE29BF03-5D57-43DB-A6E1-F5F8FDED9EB3}"
EndProject
Global
	GlobalSection(SolutionConfigurationPlatforms) = preSolution
		Debug|Any CPU = Debug|Any CPU
		Release|Any CPU = Release|Any CPU
	EndGlobalSection
	GlobalSection(ProjectConfigurationPlatforms) = postSolution
		{DE29BF03-5D57-43DB-A6E1-F5F8FDED9EB3}.Debug|Any CPU.ActiveCfg = Debug|Any CPU
		{DE29BF03-5D57-43DB-A6E1-F5F8FDED9EB3}.Debug|Any CPU.Build.0 = Debug|Any CPU
		{DE29BF03-5D57-43DB-A6E1-F5F8FDED9EB3}.Release|Any CPU.ActiveCfg = Release|Any CPU
		{DE29BF03-5D57-43DB-A6E1-F5F8FDED9EB3}.Release|Any CPU.Build.0 = Release|Any CPU
	EndGlobalSection
	GlobalSection(SolutionProperties) = preSolution
		HideSolutionNode = FALSE
	EndGlobalSection
	GlobalSection(ExtensibilityGlobals) = postSolution
		SolutionGuid = {2A519844-CEC5-41F6-9ED7-D8F6D2E64981}
	EndGlobalSection
EndGlobal
